
Microsoft Visual Studio Solution File, Format Version 12.00
# Visual Studio 15
VisualStudioVersion = 15.0.27703.2026
MinimumVisualStudioVersion = 10.0.40219.1
Project("{8BC9CEB8-8B4A-11D0-8D11-00A0C91BC942}") = "rpc", "rpc.vcxproj", "{72E2B599-E4CC-4D2A-8BA0-E2977F86A370}"
EndProject
Global
	GlobalSection(SolutionConfigurationPlatforms) = preSolution
		Debug|x64 = Debug|x64
		Debug|x86 = Debug|x86
		Release|x64 = Release|x64
		Release|x86 = Release|x86
	EndGlobalSection
	GlobalSection(ProjectConfigurationPlatforms) = postSolution
		{72E2B599-E4CC-4D2A-8BA0-E2977F86A370}.Debug|x64.ActiveCfg = Debug|x64
		{72E2B599-E4CC-4D2A-8BA0-E2977F86A370}.Debug|x64.Build.0 = Debug|x64
		{72E2B599-E4CC-4D2A-8BA0-E2977F86A370}.Debug|x86.ActiveCfg = Debug|Win32
		{72E2B599-E4CC-4D2A-8BA0-E2977F86A370}.Debug|x86.Build.0 = Debug|Win32
		{72E2B599-E4CC-4D2A-8BA0-E2977F86A370}.Release|x64.ActiveCfg = Release|x64
		{72E2B599-E4CC-4D2A-8BA0-E2977F86A370}.Release|x64.Build.0 = Release|x64
		{72E2B599-E4CC-4D2A-8BA0-E2977F86A370}.Release|x86.ActiveCfg = Release|Win32
		{72E2B599-E4CC-4D2A-8BA0-E2977F86A370}.Release|x86.Build.0 = Release|Win32
	EndGlobalSection
	GlobalSection(SolutionProperties) = preSolution
		HideSolutionNode = FALSE
	EndGlobalSection
	GlobalSection(ExtensibilityGlobals) = postSolution
		SolutionGuid = {EF17A892-0716-48C9-A214-D3CBFFDDD5C3}
	EndGlobalSection
EndGlobal
